
Microsoft Visual Studio Solution File, Format Version 12.00
# Visual Studio Version 17
VisualStudioVersion = 17.7.34024.191
MinimumVisualStudioVersion = 10.0.40219.1
Project("{9A19103F-16F7-4668-BE54-9A1E7A4F7556}") = "headhunter", "headhunter.csproj", "{9323AFA0-2DDD-49B1-8B70-BB49B9AAFC8E}"
EndProject
Project("{FAE04EC0-301F-11D3-BF4B-00C04F79EFBC}") = "headhunterTests", "..\headhunterTests\headhunterTests.csproj", "{3E81146A-6D13-4400-B1A2-CD0280BE3E38}"
EndProject
Global
	GlobalSection(SolutionConfigurationPlatforms) = preSolution
		Debug|Any CPU = Debug|Any CPU
		Release|Any CPU = Release|Any CPU
	EndGlobalSection
	GlobalSection(ProjectConfigurationPlatforms) = postSolution
		{9323AFA0-2DDD-49B1-8B70-BB49B9AAFC8E}.Debug|Any CPU.ActiveCfg = Debug|Any CPU
		{9323AFA0-2DDD-49B1-8B70-BB49B9AAFC8E}.Debug|Any CPU.Build.0 = Debug|Any CPU
		{9323AFA0-2DDD-49B1-8B70-BB49B9AAFC8E}.Release|Any CPU.ActiveCfg = Release|Any CPU
		{9323AFA0-2DDD-49B1-8B70-BB49B9AAFC8E}.Release|Any CPU.Build.0 = Release|Any CPU
		{3E81146A-6D13-4400-B1A2-CD0280BE3E38}.Debug|Any CPU.ActiveCfg = Debug|Any CPU
		{3E81146A-6D13-4400-B1A2-CD0280BE3E38}.Debug|Any CPU.Build.0 = Debug|Any CPU
		{3E81146A-6D13-4400-B1A2-CD0280BE3E38}.Release|Any CPU.ActiveCfg = Release|Any CPU
		{3E81146A-6D13-4400-B1A2-CD0280BE3E38}.Release|Any CPU.Build.0 = Release|Any CPU
	EndGlobalSection
	GlobalSection(SolutionProperties) = preSolution
		HideSolutionNode = FALSE
	EndGlobalSection
	GlobalSection(ExtensibilityGlobals) = postSolution
		SolutionGuid = {C6AC256A-21DC-41A4-B267-718665DD8174}
	EndGlobalSection
EndGlobal
